
Microsoft Visual Studio Solution File, Format Version 12.00
# Visual Studio Version 16
VisualStudioVersion = 16.0.30611.23
MinimumVisualStudioVersion = 10.0.40219.1
Project("{FAE04EC0-301F-11D3-BF4B-00C04F79EFBC}") = "ChessBoard", "ChessBoard\ChessBoard.csproj", "{975CE352-56D8-4B8F-88EC-DE34CBD1B937}"
EndProject
Global
	GlobalSection(SolutionConfigurationPlatforms) = preSolution
		Debug|Any CPU = Debug|Any CPU
		Release|Any CPU = Release|Any CPU
	EndGlobalSection
	GlobalSection(ProjectConfigurationPlatforms) = postSolution
		{975CE352-56D8-4B8F-88EC-DE34CBD1B937}.Debug|Any CPU.ActiveCfg = Debug|Any CPU
		{975CE352-56D8-4B8F-88EC-DE34CBD1B937}.Debug|Any CPU.Build.0 = Debug|Any CPU
		{975CE352-56D8-4B8F-88EC-DE34CBD1B937}.Release|Any CPU.ActiveCfg = Release|Any CPU
		{975CE352-56D8-4B8F-88EC-DE34CBD1B937}.Release|Any CPU.Build.0 = Release|Any CPU
	EndGlobalSection
	GlobalSection(SolutionProperties) = preSolution
		HideSolutionNode = FALSE
	EndGlobalSection
	GlobalSection(ExtensibilityGlobals) = postSolution
		SolutionGuid = {94E57BFA-C800-4330-BB38-0783AE7066B6}
	EndGlobalSection
EndGlobal
